
Microsoft Visual Studio Solution File, Format Version 12.00
# Visual Studio Version 17
VisualStudioVersion = 17.12.35527.113 d17.12
MinimumVisualStudioVersion = 10.0.40219.1
Project("{FAE04EC0-301F-11D3-BF4B-00C04F79EFBC}") = "Cquence", "Cquence\Cquence.csproj", "{838D14AD-DD87-4670-9D20-969389A5012F}"
EndProject
Project("{FAE04EC0-301F-11D3-BF4B-00C04F79EFBC}") = "Cquence.Tests", "Cquence.Tests\Cquence.Tests.csproj", "{77E01512-302C-4EE7-940B-A1CD04DEF5FE}"
EndProject
Project("{2150E333-8FDC-42A3-9474-1A3956D46DE8}") = "Services", "Services", "{F37245FE-0187-4559-8060-D8EFFC2EABEA}"
EndProject
Project("{2150E333-8FDC-42A3-9474-1A3956D46DE8}") = "Cquence", "Cquence", "{1AA2F06E-B73A-442F-9BD6-53DB62E6F939}"
EndProject
Project("{2150E333-8FDC-42A3-9474-1A3956D46DE8}") = "Host", "Host", "{D40B729F-B4B9-4DE2-9A52-CE7713F75612}"
EndProject
Project("{2150E333-8FDC-42A3-9474-1A3956D46DE8}") = "Core", "Core", "{90CD3A1E-9F78-4828-A21C-B7E40ACA5356}"
EndProject
Project("{2150E333-8FDC-42A3-9474-1A3956D46DE8}") = "Infrastructure", "Infrastructure", "{88587FCE-6234-4832-B8B7-EA6F14EBB9BB}"
EndProject
Project("{2150E333-8FDC-42A3-9474-1A3956D46DE8}") = "Infrastructure.Contracts", "Infrastructure.Contracts", "{E5BC968C-4D59-4C3E-B1C3-22B62BA8EBAC}"
EndProject
Project("{2150E333-8FDC-42A3-9474-1A3956D46DE8}") = "Tests", "Tests", "{E18166A5-7711-48EE-8493-3FAB64399EE0}"
EndProject
Project("{FAE04EC0-301F-11D3-BF4B-00C04F79EFBC}") = "GameEngine", "GameEngine\GameEngine.csproj", "{00B99002-6899-4C58-B162-79FEA941C54D}"
EndProject
Project("{FAE04EC0-301F-11D3-BF4B-00C04F79EFBC}") = "GameRepository", "GameRepository\GameRepository.csproj", "{8F951143-40A1-468F-A37B-E50119DBB887}"
EndProject
Project("{2150E333-8FDC-42A3-9474-1A3956D46DE8}") = "Domain", "Domain", "{37DA40DF-354C-41D0-A8A1-DA6886EAFFF8}"
EndProject
Project("{FAE04EC0-301F-11D3-BF4B-00C04F79EFBC}") = "Cquence.Domain", "Cquence.Domain\Cquence.Domain.csproj", "{6E66A1E9-7FA2-4282-A4FA-9D49D4156003}"
EndProject
Project("{FAE04EC0-301F-11D3-BF4B-00C04F79EFBC}") = "GameRepository.Contracts", "GameRepository.Contracts\GameRepository.Contracts.csproj", "{02943A90-F774-4E5F-B1F0-256C03E5CB8E}"
EndProject
Global
	GlobalSection(SolutionConfigurationPlatforms) = preSolution
		Debug|Any CPU = Debug|Any CPU
		Release|Any CPU = Release|Any CPU
	EndGlobalSection
	GlobalSection(ProjectConfigurationPlatforms) = postSolution
		{838D14AD-DD87-4670-9D20-969389A5012F}.Debug|Any CPU.ActiveCfg = Debug|Any CPU
		{838D14AD-DD87-4670-9D20-969389A5012F}.Debug|Any CPU.Build.0 = Debug|Any CPU
		{838D14AD-DD87-4670-9D20-969389A5012F}.Release|Any CPU.ActiveCfg = Release|Any CPU
		{838D14AD-DD87-4670-9D20-969389A5012F}.Release|Any CPU.Build.0 = Release|Any CPU
		{77E01512-302C-4EE7-940B-A1CD04DEF5FE}.Debug|Any CPU.ActiveCfg = Debug|Any CPU
		{77E01512-302C-4EE7-940B-A1CD04DEF5FE}.Debug|Any CPU.Build.0 = Debug|Any CPU
		{77E01512-302C-4EE7-940B-A1CD04DEF5FE}.Release|Any CPU.ActiveCfg = Release|Any CPU
		{77E01512-302C-4EE7-940B-A1CD04DEF5FE}.Release|Any CPU.Build.0 = Release|Any CPU
		{00B99002-6899-4C58-B162-79FEA941C54D}.Debug|Any CPU.ActiveCfg = Debug|Any CPU
		{00B99002-6899-4C58-B162-79FEA941C54D}.Debug|Any CPU.Build.0 = Debug|Any CPU
		{00B99002-6899-4C58-B162-79FEA941C54D}.Release|Any CPU.ActiveCfg = Release|Any CPU
		{00B99002-6899-4C58-B162-79FEA941C54D}.Release|Any CPU.Build.0 = Release|Any CPU
		{8F951143-40A1-468F-A37B-E50119DBB887}.Debug|Any CPU.ActiveCfg = Debug|Any CPU
		{8F951143-40A1-468F-A37B-E50119DBB887}.Debug|Any CPU.Build.0 = Debug|Any CPU
		{8F951143-40A1-468F-A37B-E50119DBB887}.Release|Any CPU.ActiveCfg = Release|Any CPU
		{8F951143-40A1-468F-A37B-E50119DBB887}.Release|Any CPU.Build.0 = Release|Any CPU
		{6E66A1E9-7FA2-4282-A4FA-9D49D4156003}.Debug|Any CPU.ActiveCfg = Debug|Any CPU
		{6E66A1E9-7FA2-4282-A4FA-9D49D4156003}.Debug|Any CPU.Build.0 = Debug|Any CPU
		{6E66A1E9-7FA2-4282-A4FA-9D49D4156003}.Release|Any CPU.ActiveCfg = Release|Any CPU
		{6E66A1E9-7FA2-4282-A4FA-9D49D4156003}.Release|Any CPU.Build.0 = Release|Any CPU
		{02943A90-F774-4E5F-B1F0-256C03E5CB8E}.Debug|Any CPU.ActiveCfg = Debug|Any CPU
		{02943A90-F774-4E5F-B1F0-256C03E5CB8E}.Debug|Any CPU.Build.0 = Debug|Any CPU
		{02943A90-F774-4E5F-B1F0-256C03E5CB8E}.Release|Any CPU.ActiveCfg = Release|Any CPU
		{02943A90-F774-4E5F-B1F0-256C03E5CB8E}.Release|Any CPU.Build.0 = Release|Any CPU
	EndGlobalSection
	GlobalSection(SolutionProperties) = preSolution
		HideSolutionNode = FALSE
	EndGlobalSection
	GlobalSection(NestedProjects) = preSolution
		{838D14AD-DD87-4670-9D20-969389A5012F} = {D40B729F-B4B9-4DE2-9A52-CE7713F75612}
		{77E01512-302C-4EE7-940B-A1CD04DEF5FE} = {E18166A5-7711-48EE-8493-3FAB64399EE0}
		{1AA2F06E-B73A-442F-9BD6-53DB62E6F939} = {F37245FE-0187-4559-8060-D8EFFC2EABEA}
		{D40B729F-B4B9-4DE2-9A52-CE7713F75612} = {1AA2F06E-B73A-442F-9BD6-53DB62E6F939}
		{90CD3A1E-9F78-4828-A21C-B7E40ACA5356} = {1AA2F06E-B73A-442F-9BD6-53DB62E6F939}
		{88587FCE-6234-4832-B8B7-EA6F14EBB9BB} = {1AA2F06E-B73A-442F-9BD6-53DB62E6F939}
		{E5BC968C-4D59-4C3E-B1C3-22B62BA8EBAC} = {1AA2F06E-B73A-442F-9BD6-53DB62E6F939}
		{E18166A5-7711-48EE-8493-3FAB64399EE0} = {1AA2F06E-B73A-442F-9BD6-53DB62E6F939}
		{00B99002-6899-4C58-B162-79FEA941C54D} = {90CD3A1E-9F78-4828-A21C-B7E40ACA5356}
		{8F951143-40A1-468F-A37B-E50119DBB887} = {88587FCE-6234-4832-B8B7-EA6F14EBB9BB}
		{37DA40DF-354C-41D0-A8A1-DA6886EAFFF8} = {1AA2F06E-B73A-442F-9BD6-53DB62E6F939}
		{6E66A1E9-7FA2-4282-A4FA-9D49D4156003} = {37DA40DF-354C-41D0-A8A1-DA6886EAFFF8}
		{02943A90-F774-4E5F-B1F0-256C03E5CB8E} = {E5BC968C-4D59-4C3E-B1C3-22B62BA8EBAC}
	EndGlobalSection
EndGlobal
